{
  "name": "state-copy",
  "version": "1.0.4",
  "lockfileVersion": 1,
  "requires": true,
  "dependencies": {
    "copy-text-to-clipboard": {
      "version": "github:deliriousrhino/copy-text-to-clipboard#d1305ccfbbaad58d4ad4a3a4a80bbb366eaba582",
      "from": "github:deliriousrhino/copy-text-to-clipboard#master"
    },
    "fast-safe-stringify": {
      "version": "1.2.0",
      "resolved": "https://registry.npmjs.org/fast-safe-stringify/-/fast-safe-stringify-1.2.0.tgz",
      "integrity": "sha1-69QmZv0Y/k8rpPDSlQZfP4XK3pY="
    }
  }
}
